// !$*UTF8*$!
{
	archiveVersion = 1;
	classes = {
	};
	objectVersion = 50;
	objects = {

/* Begin PBXBuildFile section */
		480699C4220788D5008061C5 /* Profile.swift in Sources */ = {isa = PBXBuildFile; fileRef = 480699C3220788D5008061C5 /* Profile.swift */; };
		480DB0252227706E00BFCC66 /* ApiClient.swift in Sources */ = {isa = PBXBuildFile; fileRef = 480DB0242227706E00BFCC66 /* ApiClient.swift */; };
		4870935A2207935300C0A559 /* ProfileApiClient.swift in Sources */ = {isa = PBXBuildFile; fileRef = 487093592207935300C0A559 /* ProfileApiClient.swift */; };
		4883833D220946960058399C /* TabBarController.swift in Sources */ = {isa = PBXBuildFile; fileRef = 4883833C220946960058399C /* TabBarController.swift */; };
		48967B57221B77FB004A7435 /* FeedbacksViewController.swift in Sources */ = {isa = PBXBuildFile; fileRef = 48967B56221B77FB004A7435 /* FeedbacksViewController.swift */; };
		48967B59221B7888004A7435 /* Feedback.swift in Sources */ = {isa = PBXBuildFile; fileRef = 48967B58221B7888004A7435 /* Feedback.swift */; };
		48967B5B221B7988004A7435 /* FeedbacksApiClient.swift in Sources */ = {isa = PBXBuildFile; fileRef = 48967B5A221B7988004A7435 /* FeedbacksApiClient.swift */; };
		489C14E722224EAB0080E3DA /* linkedin.png in Resources */ = {isa = PBXBuildFile; fileRef = 489C14E622224EA00080E3DA /* linkedin.png */; };
		489DDEB3220CE66700B81DDD /* ImageLoader.swift in Sources */ = {isa = PBXBuildFile; fileRef = 489DDEB2220CE66700B81DDD /* ImageLoader.swift */; };
		48A7CF612210C1CF00151A0C /* SkillTableViewCell.swift in Sources */ = {isa = PBXBuildFile; fileRef = 48A7CF602210C1CF00151A0C /* SkillTableViewCell.swift */; };
		48A7CF632210C40C00151A0C /* SkillCategory.swift in Sources */ = {isa = PBXBuildFile; fileRef = 48A7CF622210C40C00151A0C /* SkillCategory.swift */; };
		48A7CF652210C6EC00151A0C /* Skill.swift in Sources */ = {isa = PBXBuildFile; fileRef = 48A7CF642210C6EC00151A0C /* Skill.swift */; };
		48A7CF692210CA8F00151A0C /* SkillsApiClient.swift in Sources */ = {isa = PBXBuildFile; fileRef = 48A7CF682210CA8F00151A0C /* SkillsApiClient.swift */; };
		48A7CF6B2210CF0000151A0C /* SkillsDataHandler.swift in Sources */ = {isa = PBXBuildFile; fileRef = 48A7CF6A2210CF0000151A0C /* SkillsDataHandler.swift */; };
		48A865E122163530004A630B /* WorkViewController.swift in Sources */ = {isa = PBXBuildFile; fileRef = 48A865E022163530004A630B /* WorkViewController.swift */; };
		48A865E322163581004A630B /* WorksApiClient.swift in Sources */ = {isa = PBXBuildFile; fileRef = 48A865E222163581004A630B /* WorksApiClient.swift */; };
		48A865E5221635C4004A630B /* WorkDone.swift in Sources */ = {isa = PBXBuildFile; fileRef = 48A865E4221635C4004A630B /* WorkDone.swift */; };
		48A8A6302222DF0200A099F4 /* Octocat.jpg in Resources */ = {isa = PBXBuildFile; fileRef = 48A8A62F2222DEDF00A099F4 /* Octocat.jpg */; };
		48A8E39B221E22FB00E67C1A /* FeedbacksListView.xib in Resources */ = {isa = PBXBuildFile; fileRef = 48A8E39A221E22FB00E67C1A /* FeedbacksListView.xib */; };
		48A8E39E221E2E1900E67C1A /* show_feedbacks.png in Resources */ = {isa = PBXBuildFile; fileRef = 48A8E399221E1F7400E67C1A /* show_feedbacks.png */; };
		48A8E3A0221E2FC300E67C1A /* FeedbacksListView.swift in Sources */ = {isa = PBXBuildFile; fileRef = 48A8E39F221E2FC300E67C1A /* FeedbacksListView.swift */; };
		48ABBBE22217974600F74539 /* MessageTextView.swift in Sources */ = {isa = PBXBuildFile; fileRef = 48ABBBE12217974600F74539 /* MessageTextView.swift */; };
		48AE99DB221A39160068C087 /* ValidationAlertController.swift in Sources */ = {isa = PBXBuildFile; fileRef = 48AE99DA221A39160068C087 /* ValidationAlertController.swift */; };
		48B27EA72220C55300F7249F /* FeedbackCellView.swift in Sources */ = {isa = PBXBuildFile; fileRef = 48B27EA62220C55300F7249F /* FeedbackCellView.swift */; };
		48B27EA92220C57900F7249F /* FeedbackCellView.xib in Resources */ = {isa = PBXBuildFile; fileRef = 48B27EA82220C57900F7249F /* FeedbackCellView.xib */; };
		48B9F98F22178E8B00C8177C /* ContactViewController.swift in Sources */ = {isa = PBXBuildFile; fileRef = 48B9F98E22178E8B00C8177C /* ContactViewController.swift */; };
		48D3EA7122163B6300D0E4F7 /* WorkTableViewCell.swift in Sources */ = {isa = PBXBuildFile; fileRef = 48D3EA7022163B6300D0E4F7 /* WorkTableViewCell.swift */; };
		48DF1EF422188DEF00DB94BE /* ContactApiClient.swift in Sources */ = {isa = PBXBuildFile; fileRef = 48DF1EF322188DEF00DB94BE /* ContactApiClient.swift */; };
		48DF1EF622188E5A00DB94BE /* Message.swift in Sources */ = {isa = PBXBuildFile; fileRef = 48DF1EF522188E5A00DB94BE /* Message.swift */; };
		48DF273C2207B884008AC2F2 /* AboutViewController.swift in Sources */ = {isa = PBXBuildFile; fileRef = 48DF273B2207B884008AC2F2 /* AboutViewController.swift */; };
		48DF273E2207BCBB008AC2F2 /* SkillsViewController.swift in Sources */ = {isa = PBXBuildFile; fileRef = 48DF273D2207BCBB008AC2F2 /* SkillsViewController.swift */; };
		48F4E20422223F76009367DF /* DismissableAlertController.swift in Sources */ = {isa = PBXBuildFile; fileRef = 48F4E20322223F76009367DF /* DismissableAlertController.swift */; };
		48FE20822210F00E005600EC /* SkillCategoryTableViewHeaderFooterView.xib in Resources */ = {isa = PBXBuildFile; fileRef = 48FE20812210F00E005600EC /* SkillCategoryTableViewHeaderFooterView.xib */; };
		48FE20842210F255005600EC /* SkillTableViewSection.swift in Sources */ = {isa = PBXBuildFile; fileRef = 48FE20832210F255005600EC /* SkillTableViewSection.swift */; };
		48FF335522071D080035DB0B /* AppDelegate.swift in Sources */ = {isa = PBXBuildFile; fileRef = 48FF335422071D080035DB0B /* AppDelegate.swift */; };
		48FF335722071D080035DB0B /* MainViewController.swift in Sources */ = {isa = PBXBuildFile; fileRef = 48FF335622071D080035DB0B /* MainViewController.swift */; };
		48FF335A22071D080035DB0B /* Main.storyboard in Resources */ = {isa = PBXBuildFile; fileRef = 48FF335822071D080035DB0B /* Main.storyboard */; };
		48FF335C22071D0B0035DB0B /* Assets.xcassets in Resources */ = {isa = PBXBuildFile; fileRef = 48FF335B22071D0B0035DB0B /* Assets.xcassets */; };
		48FF335F22071D0B0035DB0B /* LaunchScreen.storyboard in Resources */ = {isa = PBXBuildFile; fileRef = 48FF335D22071D0B0035DB0B /* LaunchScreen.storyboard */; };
		48FF336A22071D0B0035DB0B /* portfolio_iosTests.swift in Sources */ = {isa = PBXBuildFile; fileRef = 48FF336922071D0B0035DB0B /* portfolio_iosTests.swift */; };
		48FF337522071D0B0035DB0B /* portfolio_iosUITests.swift in Sources */ = {isa = PBXBuildFile; fileRef = 48FF337422071D0B0035DB0B /* portfolio_iosUITests.swift */; };
		48FF3385220742CC0035DB0B /* html_code.jpg in Resources */ = {isa = PBXBuildFile; fileRef = 48FF3384220742CC0035DB0B /* html_code.jpg */; };
		48FF338722074E180035DB0B /* person.png in Resources */ = {isa = PBXBuildFile; fileRef = 48FF338622074E180035DB0B /* person.png */; };
/* End PBXBuildFile section */

/* Begin PBXContainerItemProxy section */
		48FF336622071D0B0035DB0B /* PBXContainerItemProxy */ = {
			isa = PBXContainerItemProxy;
			containerPortal = 48FF334922071D080035DB0B /* Project object */;
			proxyType = 1;
			remoteGlobalIDString = 48FF335022071D080035DB0B;
			remoteInfo = "portfolio-ios";
		};
		48FF337122071D0B0035DB0B /* PBXContainerItemProxy */ = {
			isa = PBXContainerItemProxy;
			containerPortal = 48FF334922071D080035DB0B /* Project object */;
			proxyType = 1;
			remoteGlobalIDString = 48FF335022071D080035DB0B;
			remoteInfo = "portfolio-ios";
		};
/* End PBXContainerItemProxy section */

/* Begin PBXFileReference section */
		480699C3220788D5008061C5 /* Profile.swift */ = {isa = PBXFileReference; lastKnownFileType = sourcecode.swift; path = Profile.swift; sourceTree = "<group>"; };
		480DB0242227706E00BFCC66 /* ApiClient.swift */ = {isa = PBXFileReference; lastKnownFileType = sourcecode.swift; path = ApiClient.swift; sourceTree = "<group>"; };
		487093592207935300C0A559 /* ProfileApiClient.swift */ = {isa = PBXFileReference; lastKnownFileType = sourcecode.swift; path = ProfileApiClient.swift; sourceTree = "<group>"; };
		4883833C220946960058399C /* TabBarController.swift */ = {isa = PBXFileReference; lastKnownFileType = sourcecode.swift; path = TabBarController.swift; sourceTree = "<group>"; };
		48967B56221B77FB004A7435 /* FeedbacksViewController.swift */ = {isa = PBXFileReference; lastKnownFileType = sourcecode.swift; path = FeedbacksViewController.swift; sourceTree = "<group>"; };
		48967B58221B7888004A7435 /* Feedback.swift */ = {isa = PBXFileReference; lastKnownFileType = sourcecode.swift; path = Feedback.swift; sourceTree = "<group>"; };
		48967B5A221B7988004A7435 /* FeedbacksApiClient.swift */ = {isa = PBXFileReference; lastKnownFileType = sourcecode.swift; path = FeedbacksApiClient.swift; sourceTree = "<group>"; };
		489C14E622224EA00080E3DA /* linkedin.png */ = {isa = PBXFileReference; lastKnownFileType = image.png; path = linkedin.png; sourceTree = "<group>"; };
		489DDEB2220CE66700B81DDD /* ImageLoader.swift */ = {isa = PBXFileReference; lastKnownFileType = sourcecode.swift; path = ImageLoader.swift; sourceTree = "<group>"; };
		48A7CF602210C1CF00151A0C /* SkillTableViewCell.swift */ = {isa = PBXFileReference; lastKnownFileType = sourcecode.swift; path = SkillTableViewCell.swift; sourceTree = "<group>"; };
		48A7CF622210C40C00151A0C /* SkillCategory.swift */ = {isa = PBXFileReference; lastKnownFileType = sourcecode.swift; path = SkillCategory.swift; sourceTree = "<group>"; };
		48A7CF642210C6EC00151A0C /* Skill.swift */ = {isa = PBXFileReference; lastKnownFileType = sourcecode.swift; path = Skill.swift; sourceTree = "<group>"; };
		48A7CF682210CA8F00151A0C /* SkillsApiClient.swift */ = {isa = PBXFileReference; lastKnownFileType = sourcecode.swift; path = SkillsApiClient.swift; sourceTree = "<group>"; };
		48A7CF6A2210CF0000151A0C /* SkillsDataHandler.swift */ = {isa = PBXFileReference; lastKnownFileType = sourcecode.swift; path = SkillsDataHandler.swift; sourceTree = "<group>"; };
		48A865E022163530004A630B /* WorkViewController.swift */ = {isa = PBXFileReference; lastKnownFileType = sourcecode.swift; path = WorkViewController.swift; sourceTree = "<group>"; };
		48A865E222163581004A630B /* WorksApiClient.swift */ = {isa = PBXFileReference; lastKnownFileType = sourcecode.swift; path = WorksApiClient.swift; sourceTree = "<group>"; };
		48A865E4221635C4004A630B /* WorkDone.swift */ = {isa = PBXFileReference; lastKnownFileType = sourcecode.swift; path = WorkDone.swift; sourceTree = "<group>"; };
		48A8A62F2222DEDF00A099F4 /* Octocat.jpg */ = {isa = PBXFileReference; lastKnownFileType = image.jpeg; path = Octocat.jpg; sourceTree = "<group>"; };
		48A8E399221E1F7400E67C1A /* show_feedbacks.png */ = {isa = PBXFileReference; lastKnownFileType = image.png; path = show_feedbacks.png; sourceTree = "<group>"; };
		48A8E39A221E22FB00E67C1A /* FeedbacksListView.xib */ = {isa = PBXFileReference; lastKnownFileType = file.xib; path = FeedbacksListView.xib; sourceTree = "<group>"; };
		48A8E39F221E2FC300E67C1A /* FeedbacksListView.swift */ = {isa = PBXFileReference; lastKnownFileType = sourcecode.swift; path = FeedbacksListView.swift; sourceTree = "<group>"; };
		48ABBBE12217974600F74539 /* MessageTextView.swift */ = {isa = PBXFileReference; lastKnownFileType = sourcecode.swift; path = MessageTextView.swift; sourceTree = "<group>"; };
		48AE99DA221A39160068C087 /* ValidationAlertController.swift */ = {isa = PBXFileReference; lastKnownFileType = sourcecode.swift; path = ValidationAlertController.swift; sourceTree = "<group>"; };
		48B27EA62220C55300F7249F /* FeedbackCellView.swift */ = {isa = PBXFileReference; lastKnownFileType = sourcecode.swift; path = FeedbackCellView.swift; sourceTree = "<group>"; };
		48B27EA82220C57900F7249F /* FeedbackCellView.xib */ = {isa = PBXFileReference; lastKnownFileType = file.xib; path = FeedbackCellView.xib; sourceTree = "<group>"; };
		48B9F98E22178E8B00C8177C /* ContactViewController.swift */ = {isa = PBXFileReference; lastKnownFileType = sourcecode.swift; path = ContactViewController.swift; sourceTree = "<group>"; };
		48D3EA7022163B6300D0E4F7 /* WorkTableViewCell.swift */ = {isa = PBXFileReference; lastKnownFileType = sourcecode.swift; path = WorkTableViewCell.swift; sourceTree = "<group>"; };
		48DF1EF322188DEF00DB94BE /* ContactApiClient.swift */ = {isa = PBXFileReference; lastKnownFileType = sourcecode.swift; path = ContactApiClient.swift; sourceTree = "<group>"; };
		48DF1EF522188E5A00DB94BE /* Message.swift */ = {isa = PBXFileReference; lastKnownFileType = sourcecode.swift; path = Message.swift; sourceTree = "<group>"; };
		48DF273B2207B884008AC2F2 /* AboutViewController.swift */ = {isa = PBXFileReference; lastKnownFileType = sourcecode.swift; path = AboutViewController.swift; sourceTree = "<group>"; };
		48DF273D2207BCBB008AC2F2 /* SkillsViewController.swift */ = {isa = PBXFileReference; lastKnownFileType = sourcecode.swift; path = SkillsViewController.swift; sourceTree = "<group>"; };
		48F4E20322223F76009367DF /* DismissableAlertController.swift */ = {isa = PBXFileReference; lastKnownFileType = sourcecode.swift; path = DismissableAlertController.swift; sourceTree = "<group>"; };
		48FE20812210F00E005600EC /* SkillCategoryTableViewHeaderFooterView.xib */ = {isa = PBXFileReference; lastKnownFileType = file.xib; path = SkillCategoryTableViewHeaderFooterView.xib; sourceTree = "<group>"; };
		48FE20832210F255005600EC /* SkillTableViewSection.swift */ = {isa = PBXFileReference; lastKnownFileType = sourcecode.swift; path = SkillTableViewSection.swift; sourceTree = "<group>"; };
		48FF335122071D080035DB0B /* portfolio-ios.app */ = {isa = PBXFileReference; explicitFileType = wrapper.application; includeInIndex = 0; path = "portfolio-ios.app"; sourceTree = BUILT_PRODUCTS_DIR; };
		48FF335422071D080035DB0B /* AppDelegate.swift */ = {isa = PBXFileReference; lastKnownFileType = sourcecode.swift; path = AppDelegate.swift; sourceTree = "<group>"; };
		48FF335622071D080035DB0B /* MainViewController.swift */ = {isa = PBXFileReference; lastKnownFileType = sourcecode.swift; path = MainViewController.swift; sourceTree = "<group>"; };
		48FF335922071D080035DB0B /* Base */ = {isa = PBXFileReference; lastKnownFileType = file.storyboard; name = Base; path = Base.lproj/Main.storyboard; sourceTree = "<group>"; };
		48FF335B22071D0B0035DB0B /* Assets.xcassets */ = {isa = PBXFileReference; lastKnownFileType = folder.assetcatalog; path = Assets.xcassets; sourceTree = "<group>"; };
		48FF335E22071D0B0035DB0B /* Base */ = {isa = PBXFileReference; lastKnownFileType = file.storyboard; name = Base; path = Base.lproj/LaunchScreen.storyboard; sourceTree = "<group>"; };
		48FF336022071D0B0035DB0B /* Info.plist */ = {isa = PBXFileReference; lastKnownFileType = text.plist.xml; path = Info.plist; sourceTree = "<group>"; };
		48FF336522071D0B0035DB0B /* portfolio-iosTests.xctest */ = {isa = PBXFileReference; explicitFileType = wrapper.cfbundle; includeInIndex = 0; path = "portfolio-iosTests.xctest"; sourceTree = BUILT_PRODUCTS_DIR; };
		48FF336922071D0B0035DB0B /* portfolio_iosTests.swift */ = {isa = PBXFileReference; lastKnownFileType = sourcecode.swift; path = portfolio_iosTests.swift; sourceTree = "<group>"; };
		48FF336B22071D0B0035DB0B /* Info.plist */ = {isa = PBXFileReference; lastKnownFileType = text.plist.xml; path = Info.plist; sourceTree = "<group>"; };
		48FF337022071D0B0035DB0B /* portfolio-iosUITests.xctest */ = {isa = PBXFileReference; explicitFileType = wrapper.cfbundle; includeInIndex = 0; path = "portfolio-iosUITests.xctest"; sourceTree = BUILT_PRODUCTS_DIR; };
		48FF337422071D0B0035DB0B /* portfolio_iosUITests.swift */ = {isa = PBXFileReference; lastKnownFileType = sourcecode.swift; path = portfolio_iosUITests.swift; sourceTree = "<group>"; };
		48FF337622071D0B0035DB0B /* Info.plist */ = {isa = PBXFileReference; lastKnownFileType = text.plist.xml; path = Info.plist; sourceTree = "<group>"; };
		48FF3384220742CC0035DB0B /* html_code.jpg */ = {isa = PBXFileReference; lastKnownFileType = image.jpeg; path = html_code.jpg; sourceTree = "<group>"; };
		48FF338622074E180035DB0B /* person.png */ = {isa = PBXFileReference; lastKnownFileType = image.png; path = person.png; sourceTree = "<group>"; };
/* End PBXFileReference section */

/* Begin PBXFrameworksBuildPhase section */
		48FF334E22071D080035DB0B /* Frameworks */ = {
			isa = PBXFrameworksBuildPhase;
			buildActionMask = 2147483647;
			files = (
			);
			runOnlyForDeploymentPostprocessing = 0;
		};
		48FF336222071D0B0035DB0B /* Frameworks */ = {
			isa = PBXFrameworksBuildPhase;
			buildActionMask = 2147483647;
			files = (
			);
			runOnlyForDeploymentPostprocessing = 0;
		};
		48FF336D22071D0B0035DB0B /* Frameworks */ = {
			isa = PBXFrameworksBuildPhase;
			buildActionMask = 2147483647;
			files = (
			);
			runOnlyForDeploymentPostprocessing = 0;
		};
/* End PBXFrameworksBuildPhase section */

/* Begin PBXGroup section */
		480699C2220788B0008061C5 /* Models */ = {
			isa = PBXGroup;
			children = (
				480699C3220788D5008061C5 /* Profile.swift */,
				48A7CF622210C40C00151A0C /* SkillCategory.swift */,
				48A7CF642210C6EC00151A0C /* Skill.swift */,
				48A7CF6A2210CF0000151A0C /* SkillsDataHandler.swift */,
				48A865E4221635C4004A630B /* WorkDone.swift */,
				48DF1EF522188E5A00DB94BE /* Message.swift */,
				48967B58221B7888004A7435 /* Feedback.swift */,
			);
			path = Models;
			sourceTree = "<group>";
		};
		48709358220792EA00C0A559 /* ApiClients */ = {
			isa = PBXGroup;
			children = (
				487093592207935300C0A559 /* ProfileApiClient.swift */,
				48A7CF682210CA8F00151A0C /* SkillsApiClient.swift */,
				48A865E222163581004A630B /* WorksApiClient.swift */,
				48DF1EF322188DEF00DB94BE /* ContactApiClient.swift */,
				48967B5A221B7988004A7435 /* FeedbacksApiClient.swift */,
				480DB0242227706E00BFCC66 /* ApiClient.swift */,
			);
			path = ApiClients;
			sourceTree = "<group>";
		};
		489DDEB1220CE60700B81DDD /* Shared */ = {
			isa = PBXGroup;
			children = (
				489DDEB2220CE66700B81DDD /* ImageLoader.swift */,
			);
			path = Shared;
			sourceTree = "<group>";
		};
		48A7CF5F2210C19500151A0C /* Views */ = {
			isa = PBXGroup;
			children = (
				48A7CF602210C1CF00151A0C /* SkillTableViewCell.swift */,
				48FE20812210F00E005600EC /* SkillCategoryTableViewHeaderFooterView.xib */,
				48FE20832210F255005600EC /* SkillTableViewSection.swift */,
				48D3EA7022163B6300D0E4F7 /* WorkTableViewCell.swift */,
				48ABBBE12217974600F74539 /* MessageTextView.swift */,
				48A8E39A221E22FB00E67C1A /* FeedbacksListView.xib */,
				48A8E39F221E2FC300E67C1A /* FeedbacksListView.swift */,
				48B27EA62220C55300F7249F /* FeedbackCellView.swift */,
				48B27EA82220C57900F7249F /* FeedbackCellView.xib */,
			);
			path = Views;
			sourceTree = "<group>";
		};
		48FF334822071D080035DB0B = {
			isa = PBXGroup;
			children = (
				48FF335322071D080035DB0B /* portfolio-ios */,
				48FF336822071D0B0035DB0B /* portfolio-iosTests */,
				48FF337322071D0B0035DB0B /* portfolio-iosUITests */,
				48FF335222071D080035DB0B /* Products */,
			);
			sourceTree = "<group>";
		};
		48FF335222071D080035DB0B /* Products */ = {
			isa = PBXGroup;
			children = (
				48FF335122071D080035DB0B /* portfolio-ios.app */,
				48FF336522071D0B0035DB0B /* portfolio-iosTests.xctest */,
				48FF337022071D0B0035DB0B /* portfolio-iosUITests.xctest */,
			);
			name = Products;
			sourceTree = "<group>";
		};
		48FF335322071D080035DB0B /* portfolio-ios */ = {
			isa = PBXGroup;
			children = (
				48FF335422071D080035DB0B /* AppDelegate.swift */,
				48A7CF5F2210C19500151A0C /* Views */,
				489DDEB1220CE60700B81DDD /* Shared */,
				48709358220792EA00C0A559 /* ApiClients */,
				480699C2220788B0008061C5 /* Models */,
				48FF3382220720910035DB0B /* Controllers */,
				48FF335822071D080035DB0B /* Main.storyboard */,
				48FF335B22071D0B0035DB0B /* Assets.xcassets */,
				48FF335D22071D0B0035DB0B /* LaunchScreen.storyboard */,
				48FF336022071D0B0035DB0B /* Info.plist */,
				48FF33832207426E0035DB0B /* Assets */,
			);
			path = "portfolio-ios";
			sourceTree = "<group>";
		};
		48FF336822071D0B0035DB0B /* portfolio-iosTests */ = {
			isa = PBXGroup;
			children = (
				48FF336922071D0B0035DB0B /* portfolio_iosTests.swift */,
				48FF336B22071D0B0035DB0B /* Info.plist */,
			);
			path = "portfolio-iosTests";
			sourceTree = "<group>";
		};
		48FF337322071D0B0035DB0B /* portfolio-iosUITests */ = {
			isa = PBXGroup;
			children = (
				48FF337422071D0B0035DB0B /* portfolio_iosUITests.swift */,
				48FF337622071D0B0035DB0B /* Info.plist */,
			);
			path = "portfolio-iosUITests";
			sourceTree = "<group>";
		};
		48FF3382220720910035DB0B /* Controllers */ = {
			isa = PBXGroup;
			children = (
				48FF335622071D080035DB0B /* MainViewController.swift */,
				48DF273B2207B884008AC2F2 /* AboutViewController.swift */,
				48DF273D2207BCBB008AC2F2 /* SkillsViewController.swift */,
				4883833C220946960058399C /* TabBarController.swift */,
				48A865E022163530004A630B /* WorkViewController.swift */,
				48B9F98E22178E8B00C8177C /* ContactViewController.swift */,
				48AE99DA221A39160068C087 /* ValidationAlertController.swift */,
				48967B56221B77FB004A7435 /* FeedbacksViewController.swift */,
				48F4E20322223F76009367DF /* DismissableAlertController.swift */,
			);
			path = Controllers;
			sourceTree = "<group>";
		};
		48FF33832207426E0035DB0B /* Assets */ = {
			isa = PBXGroup;
			children = (
				489C14E622224EA00080E3DA /* linkedin.png */,
				48A8A62F2222DEDF00A099F4 /* Octocat.jpg */,
				48A8E399221E1F7400E67C1A /* show_feedbacks.png */,
				48FF338622074E180035DB0B /* person.png */,
				48FF3384220742CC0035DB0B /* html_code.jpg */,
			);
			path = Assets;
			sourceTree = "<group>";
		};
/* End PBXGroup section */

/* Begin PBXNativeTarget section */
		48FF335022071D080035DB0B /* portfolio-ios */ = {
			isa = PBXNativeTarget;
			buildConfigurationList = 48FF337922071D0B0035DB0B /* Build configuration list for PBXNativeTarget "portfolio-ios" */;
			buildPhases = (
				48FF334D22071D080035DB0B /* Sources */,
				48FF334E22071D080035DB0B /* Frameworks */,
				48FF334F22071D080035DB0B /* Resources */,
			);
			buildRules = (
			);
			dependencies = (
			);
			name = "portfolio-ios";
			productName = "portfolio-ios";
			productReference = 48FF335122071D080035DB0B /* portfolio-ios.app */;
			productType = "com.apple.product-type.application";
		};
		48FF336422071D0B0035DB0B /* portfolio-iosTests */ = {
			isa = PBXNativeTarget;
			buildConfigurationList = 48FF337C22071D0B0035DB0B /* Build configuration list for PBXNativeTarget "portfolio-iosTests" */;
			buildPhases = (
				48FF336122071D0B0035DB0B /* Sources */,
				48FF336222071D0B0035DB0B /* Frameworks */,
				48FF336322071D0B0035DB0B /* Resources */,
			);
			buildRules = (
			);
			dependencies = (
				48FF336722071D0B0035DB0B /* PBXTargetDependency */,
			);
			name = "portfolio-iosTests";
			productName = "portfolio-iosTests";
			productReference = 48FF336522071D0B0035DB0B /* portfolio-iosTests.xctest */;
			productType = "com.apple.product-type.bundle.unit-test";
		};
		48FF336F22071D0B0035DB0B /* portfolio-iosUITests */ = {
			isa = PBXNativeTarget;
			buildConfigurationList = 48FF337F22071D0B0035DB0B /* Build configuration list for PBXNativeTarget "portfolio-iosUITests" */;
			buildPhases = (
				48FF336C22071D0B0035DB0B /* Sources */,
				48FF336D22071D0B0035DB0B /* Frameworks */,
				48FF336E22071D0B0035DB0B /* Resources */,
			);
			buildRules = (
			);
			dependencies = (
				48FF337222071D0B0035DB0B /* PBXTargetDependency */,
			);
			name = "portfolio-iosUITests";
			productName = "portfolio-iosUITests";
			productReference = 48FF337022071D0B0035DB0B /* portfolio-iosUITests.xctest */;
			productType = "com.apple.product-type.bundle.ui-testing";
		};
/* End PBXNativeTarget section */

/* Begin PBXProject section */
		48FF334922071D080035DB0B /* Project object */ = {
			isa = PBXProject;
			attributes = {
				LastSwiftUpdateCheck = 1010;
				LastUpgradeCheck = 1010;
				ORGANIZATIONNAME = "Wilton Costa";
				TargetAttributes = {
					48FF335022071D080035DB0B = {
						CreatedOnToolsVersion = 10.1;
					};
					48FF336422071D0B0035DB0B = {
						CreatedOnToolsVersion = 10.1;
						TestTargetID = 48FF335022071D080035DB0B;
					};
					48FF336F22071D0B0035DB0B = {
						CreatedOnToolsVersion = 10.1;
						TestTargetID = 48FF335022071D080035DB0B;
					};
				};
			};
			buildConfigurationList = 48FF334C22071D080035DB0B /* Build configuration list for PBXProject "portfolio-ios" */;
			compatibilityVersion = "Xcode 9.3";
			developmentRegion = en;
			hasScannedForEncodings = 0;
			knownRegions = (
				en,
				Base,
			);
			mainGroup = 48FF334822071D080035DB0B;
			productRefGroup = 48FF335222071D080035DB0B /* Products */;
			projectDirPath = "";
			projectRoot = "";
			targets = (
				48FF335022071D080035DB0B /* portfolio-ios */,
				48FF336422071D0B0035DB0B /* portfolio-iosTests */,
				48FF336F22071D0B0035DB0B /* portfolio-iosUITests */,
			);
		};
/* End PBXProject section */

/* Begin PBXResourcesBuildPhase section */
		48FF334F22071D080035DB0B /* Resources */ = {
			isa = PBXResourcesBuildPhase;
			buildActionMask = 2147483647;
			files = (
				489C14E722224EAB0080E3DA /* linkedin.png in Resources */,
				48FE20822210F00E005600EC /* SkillCategoryTableViewHeaderFooterView.xib in Resources */,
				48FF335F22071D0B0035DB0B /* LaunchScreen.storyboard in Resources */,
				48FF335C22071D0B0035DB0B /* Assets.xcassets in Resources */,
				48FF335A22071D080035DB0B /* Main.storyboard in Resources */,
				48FF3385220742CC0035DB0B /* html_code.jpg in Resources */,
				48A8E39E221E2E1900E67C1A /* show_feedbacks.png in Resources */,
				48FF338722074E180035DB0B /* person.png in Resources */,
				48B27EA92220C57900F7249F /* FeedbackCellView.xib in Resources */,
				48A8E39B221E22FB00E67C1A /* FeedbacksListView.xib in Resources */,
				48A8A6302222DF0200A099F4 /* Octocat.jpg in Resources */,
			);
			runOnlyForDeploymentPostprocessing = 0;
		};
		48FF336322071D0B0035DB0B /* Resources */ = {
			isa = PBXResourcesBuildPhase;
			buildActionMask = 2147483647;
			files = (
			);
			runOnlyForDeploymentPostprocessing = 0;
		};
		48FF336E22071D0B0035DB0B /* Resources */ = {
			isa = PBXResourcesBuildPhase;
			buildActionMask = 2147483647;
			files = (
			);
			runOnlyForDeploymentPostprocessing = 0;
		};
/* End PBXResourcesBuildPhase section */

/* Begin PBXSourcesBuildPhase section */
		48FF334D22071D080035DB0B /* Sources */ = {
			isa = PBXSourcesBuildPhase;
			buildActionMask = 2147483647;
			files = (
				48DF1EF422188DEF00DB94BE /* ContactApiClient.swift in Sources */,
				48A865E5221635C4004A630B /* WorkDone.swift in Sources */,
				48967B5B221B7988004A7435 /* FeedbacksApiClient.swift in Sources */,
				48ABBBE22217974600F74539 /* MessageTextView.swift in Sources */,
				48A865E122163530004A630B /* WorkViewController.swift in Sources */,
				48B9F98F22178E8B00C8177C /* ContactViewController.swift in Sources */,
				48A7CF6B2210CF0000151A0C /* SkillsDataHandler.swift in Sources */,
				48FF335722071D080035DB0B /* MainViewController.swift in Sources */,
				48967B57221B77FB004A7435 /* FeedbacksViewController.swift in Sources */,
				48D3EA7122163B6300D0E4F7 /* WorkTableViewCell.swift in Sources */,
				480699C4220788D5008061C5 /* Profile.swift in Sources */,
				48F4E20422223F76009367DF /* DismissableAlertController.swift in Sources */,
				48FF335522071D080035DB0B /* AppDelegate.swift in Sources */,
				48DF273C2207B884008AC2F2 /* AboutViewController.swift in Sources */,
				48967B59221B7888004A7435 /* Feedback.swift in Sources */,
				48B27EA72220C55300F7249F /* FeedbackCellView.swift in Sources */,
				4883833D220946960058399C /* TabBarController.swift in Sources */,
				48DF273E2207BCBB008AC2F2 /* SkillsViewController.swift in Sources */,
				48FE20842210F255005600EC /* SkillTableViewSection.swift in Sources */,
				48A7CF612210C1CF00151A0C /* SkillTableViewCell.swift in Sources */,
				48A7CF632210C40C00151A0C /* SkillCategory.swift in Sources */,
				489DDEB3220CE66700B81DDD /* ImageLoader.swift in Sources */,
				48AE99DB221A39160068C087 /* ValidationAlertController.swift in Sources */,
				48DF1EF622188E5A00DB94BE /* Message.swift in Sources */,
				48A7CF652210C6EC00151A0C /* Skill.swift in Sources */,
				48A8E3A0221E2FC300E67C1A /* FeedbacksListView.swift in Sources */,
				4870935A2207935300C0A559 /* ProfileApiClient.swift in Sources */,
				48A865E322163581004A630B /* WorksApiClient.swift in Sources */,
				48A7CF692210CA8F00151A0C /* SkillsApiClient.swift in Sources */,
				480DB0252227706E00BFCC66 /* ApiClient.swift in Sources */,
			);
			runOnlyForDeploymentPostprocessing = 0;
		};
		48FF336122071D0B0035DB0B /* Sources */ = {
			isa = PBXSourcesBuildPhase;
			buildActionMask = 2147483647;
			files = (
				48FF336A22071D0B0035DB0B /* portfolio_iosTests.swift in Sources */,
			);
			runOnlyForDeploymentPostprocessing = 0;
		};
		48FF336C22071D0B0035DB0B /* Sources */ = {
			isa = PBXSourcesBuildPhase;
			buildActionMask = 2147483647;
			files = (
				48FF337522071D0B0035DB0B /* portfolio_iosUITests.swift in Sources */,
			);
			runOnlyForDeploymentPostprocessing = 0;
		};
/* End PBXSourcesBuildPhase section */

/* Begin PBXTargetDependency section */
		48FF336722071D0B0035DB0B /* PBXTargetDependency */ = {
			isa = PBXTargetDependency;
			target = 48FF335022071D080035DB0B /* portfolio-ios */;
			targetProxy = 48FF336622071D0B0035DB0B /* PBXContainerItemProxy */;
		};
		48FF337222071D0B0035DB0B /* PBXTargetDependency */ = {
			isa = PBXTargetDependency;
			target = 48FF335022071D080035DB0B /* portfolio-ios */;
			targetProxy = 48FF337122071D0B0035DB0B /* PBXContainerItemProxy */;
		};
/* End PBXTargetDependency section */

/* Begin PBXVariantGroup section */
		48FF335822071D080035DB0B /* Main.storyboard */ = {
			isa = PBXVariantGroup;
			children = (
				48FF335922071D080035DB0B /* Base */,
			);
			name = Main.storyboard;
			sourceTree = "<group>";
		};
		48FF335D22071D0B0035DB0B /* LaunchScreen.storyboard */ = {
			isa = PBXVariantGroup;
			children = (
				48FF335E22071D0B0035DB0B /* Base */,
			);
			name = LaunchScreen.storyboard;
			sourceTree = "<group>";
		};
/* End PBXVariantGroup section */

/* Begin XCBuildConfiguration section */
		48FF337722071D0B0035DB0B /* Debug */ = {
			isa = XCBuildConfiguration;
			buildSettings = {
				ALWAYS_SEARCH_USER_PATHS = NO;
				CLANG_ANALYZER_NONNULL = YES;
				CLANG_ANALYZER_NUMBER_OBJECT_CONVERSION = YES_AGGRESSIVE;
				CLANG_CXX_LANGUAGE_STANDARD = "gnu++14";
				CLANG_CXX_LIBRARY = "libc++";
				CLANG_ENABLE_MODULES = YES;
				CLANG_ENABLE_OBJC_ARC = YES;
				CLANG_ENABLE_OBJC_WEAK = YES;
				CLANG_WARN_BLOCK_CAPTURE_AUTORELEASING = YES;
				CLANG_WARN_BOOL_CONVERSION = YES;
				CLANG_WARN_COMMA = YES;
				CLANG_WARN_CONSTANT_CONVERSION = YES;
				CLANG_WARN_DEPRECATED_OBJC_IMPLEMENTATIONS = YES;
				CLANG_WARN_DIRECT_OBJC_ISA_USAGE = YES_ERROR;
				CLANG_WARN_DOCUMENTATION_COMMENTS = YES;
				CLANG_WARN_EMPTY_BODY = YES;
				CLANG_WARN_ENUM_CONVERSION = YES;
				CLANG_WARN_INFINITE_RECURSION = YES;
				CLANG_WARN_INT_CONVERSION = YES;
				CLANG_WARN_NON_LITERAL_NULL_CONVERSION = YES;
				CLANG_WARN_OBJC_IMPLICIT_RETAIN_SELF = YES;
				CLANG_WARN_OBJC_LITERAL_CONVERSION = YES;
				CLANG_WARN_OBJC_ROOT_CLASS = YES_ERROR;
				CLANG_WARN_RANGE_LOOP_ANALYSIS = YES;
				CLANG_WARN_STRICT_PROTOTYPES = YES;
				CLANG_WARN_SUSPICIOUS_MOVE = YES;
				CLANG_WARN_UNGUARDED_AVAILABILITY = YES_AGGRESSIVE;
				CLANG_WARN_UNREACHABLE_CODE = YES;
				CLANG_WARN__DUPLICATE_METHOD_MATCH = YES;
				CODE_SIGN_IDENTITY = "iPhone Developer";
				COPY_PHASE_STRIP = NO;
				DEBUG_INFORMATION_FORMAT = dwarf;
				ENABLE_STRICT_OBJC_MSGSEND = YES;
				ENABLE_TESTABILITY = YES;
				GCC_C_LANGUAGE_STANDARD = gnu11;
				GCC_DYNAMIC_NO_PIC = NO;
				GCC_NO_COMMON_BLOCKS = YES;
				GCC_OPTIMIZATION_LEVEL = 0;
				GCC_PREPROCESSOR_DEFINITIONS = (
					"DEBUG=1",
					"$(inherited)",
				);
				GCC_WARN_64_TO_32_BIT_CONVERSION = YES;
				GCC_WARN_ABOUT_RETURN_TYPE = YES_ERROR;
				GCC_WARN_UNDECLARED_SELECTOR = YES;
				GCC_WARN_UNINITIALIZED_AUTOS = YES_AGGRESSIVE;
				GCC_WARN_UNUSED_FUNCTION = YES;
				GCC_WARN_UNUSED_VARIABLE = YES;
				IPHONEOS_DEPLOYMENT_TARGET = 12.1;
				MTL_ENABLE_DEBUG_INFO = INCLUDE_SOURCE;
				MTL_FAST_MATH = YES;
				ONLY_ACTIVE_ARCH = YES;
				SDKROOT = iphoneos;
				SWIFT_ACTIVE_COMPILATION_CONDITIONS = DEBUG;
				SWIFT_OPTIMIZATION_LEVEL = "-Onone";
			};
			name = Debug;
		};
		48FF337822071D0B0035DB0B /* Release */ = {
			isa = XCBuildConfiguration;
			buildSettings = {
				ALWAYS_SEARCH_USER_PATHS = NO;
				CLANG_ANALYZER_NONNULL = YES;
				CLANG_ANALYZER_NUMBER_OBJECT_CONVERSION = YES_AGGRESSIVE;
				CLANG_CXX_LANGUAGE_STANDARD = "gnu++14";
				CLANG_CXX_LIBRARY = "libc++";
				CLANG_ENABLE_MODULES = YES;
				CLANG_ENABLE_OBJC_ARC = YES;
				CLANG_ENABLE_OBJC_WEAK = YES;
				CLANG_WARN_BLOCK_CAPTURE_AUTORELEASING = YES;
				CLANG_WARN_BOOL_CONVERSION = YES;
				CLANG_WARN_COMMA = YES;
				CLANG_WARN_CONSTANT_CONVERSION = YES;
				CLANG_WARN_DEPRECATED_OBJC_IMPLEMENTATIONS = YES;
				CLANG_WARN_DIRECT_OBJC_ISA_USAGE = YES_ERROR;
				CLANG_WARN_DOCUMENTATION_COMMENTS = YES;
				CLANG_WARN_EMPTY_BODY = YES;
				CLANG_WARN_ENUM_CONVERSION = YES;
				CLANG_WARN_INFINITE_RECURSION = YES;
				CLANG_WARN_INT_CONVERSION = YES;
				CLANG_WARN_NON_LITERAL_NULL_CONVERSION = YES;
				CLANG_WARN_OBJC_IMPLICIT_RETAIN_SELF = YES;
				CLANG_WARN_OBJC_LITERAL_CONVERSION = YES;
				CLANG_WARN_OBJC_ROOT_CLASS = YES_ERROR;
				CLANG_WARN_RANGE_LOOP_ANALYSIS = YES;
				CLANG_WARN_STRICT_PROTOTYPES = YES;
				CLANG_WARN_SUSPICIOUS_MOVE = YES;
				CLANG_WARN_UNGUARDED_AVAILABILITY = YES_AGGRESSIVE;
				CLANG_WARN_UNREACHABLE_CODE = YES;
				CLANG_WARN__DUPLICATE_METHOD_MATCH = YES;
				CODE_SIGN_IDENTITY = "iPhone Developer";
				COPY_PHASE_STRIP = NO;
				DEBUG_INFORMATION_FORMAT = "dwarf-with-dsym";
				ENABLE_NS_ASSERTIONS = NO;
				ENABLE_STRICT_OBJC_MSGSEND = YES;
				GCC_C_LANGUAGE_STANDARD = gnu11;
				GCC_NO_COMMON_BLOCKS = YES;
				GCC_WARN_64_TO_32_BIT_CONVERSION = YES;
				GCC_WARN_ABOUT_RETURN_TYPE = YES_ERROR;
				GCC_WARN_UNDECLARED_SELECTOR = YES;
				GCC_WARN_UNINITIALIZED_AUTOS = YES_AGGRESSIVE;
				GCC_WARN_UNUSED_FUNCTION = YES;
				GCC_WARN_UNUSED_VARIABLE = YES;
				IPHONEOS_DEPLOYMENT_TARGET = 12.1;
				MTL_ENABLE_DEBUG_INFO = NO;
				MTL_FAST_MATH = YES;
				SDKROOT = iphoneos;
				SWIFT_COMPILATION_MODE = wholemodule;
				SWIFT_OPTIMIZATION_LEVEL = "-O";
				VALIDATE_PRODUCT = YES;
			};
			name = Release;
		};
		48FF337A22071D0B0035DB0B /* Debug */ = {
			isa = XCBuildConfiguration;
			buildSettings = {
				ASSETCATALOG_COMPILER_APPICON_NAME = AppIcon;
				CODE_SIGN_STYLE = Automatic;
				DEVELOPMENT_TEAM = H825R7B48D;
				INFOPLIST_FILE = "portfolio-ios/Info.plist";
				LD_RUNPATH_SEARCH_PATHS = (
					"$(inherited)",
					"@executable_path/Frameworks",
				);
				PRODUCT_BUNDLE_IDENTIFIER = "wiltoncosta.portfolio-ios";
				PRODUCT_NAME = "$(TARGET_NAME)";
				SWIFT_VERSION = 4.2;
				TARGETED_DEVICE_FAMILY = "1,2";
				WEBAPI_ROOT_URL = "http://portfolio-wilton.us-east-2.elasticbeanstalk.com";
				WEBAPI_URL = "http://portfolio-wilton.us-east-2.elasticbeanstalk.com/webapi";
			};
			name = Debug;
		};
		48FF337B22071D0B0035DB0B /* Release */ = {
			isa = XCBuildConfiguration;
			buildSettings = {
				ASSETCATALOG_COMPILER_APPICON_NAME = AppIcon;
				CODE_SIGN_STYLE = Automatic;
				DEVELOPMENT_TEAM = H825R7B48D;
				INFOPLIST_FILE = "portfolio-ios/Info.plist";
				LD_RUNPATH_SEARCH_PATHS = (
					"$(inherited)",
					"@executable_path/Frameworks",
				);
				PRODUCT_BUNDLE_IDENTIFIER = "wiltoncosta.portfolio-ios";
				PRODUCT_NAME = "$(TARGET_NAME)";
				SWIFT_VERSION = 4.2;
				TARGETED_DEVICE_FAMILY = "1,2";
				WEBAPI_ROOT_URL = "http://portfolio-wilton.us-east-2.elasticbeanstalk.com";
				WEBAPI_URL = "http://portfolio-wilton.us-east-2.elasticbeanstalk.com/webapi";
			};
			name = Release;
		};
		48FF337D22071D0B0035DB0B /* Debug */ = {
			isa = XCBuildConfiguration;
			buildSettings = {
				ALWAYS_EMBED_SWIFT_STANDARD_LIBRARIES = YES;
				BUNDLE_LOADER = "$(TEST_HOST)";
				CODE_SIGN_STYLE = Automatic;
				INFOPLIST_FILE = "portfolio-iosTests/Info.plist";
				LD_RUNPATH_SEARCH_PATHS = (
					"$(inherited)",
					"@executable_path/Frameworks",
					"@loader_path/Frameworks",
				);
				PRODUCT_BUNDLE_IDENTIFIER = "wiltoncosta.portfolio-iosTests";
				PRODUCT_NAME = "$(TARGET_NAME)";
				SWIFT_VERSION = 4.2;
				TARGETED_DEVICE_FAMILY = "1,2";
				TEST_HOST = "$(BUILT_PRODUCTS_DIR)/portfolio-ios.app/portfolio-ios";
			};
			name = Debug;
		};
		48FF337E22071D0B0035DB0B /* Release */ = {
			isa = XCBuildConfiguration;
			buildSettings = {
				ALWAYS_EMBED_SWIFT_STANDARD_LIBRARIES = YES;
				BUNDLE_LOADER = "$(TEST_HOST)";
				CODE_SIGN_STYLE = Automatic;
				INFOPLIST_FILE = "portfolio-iosTests/Info.plist";
				LD_RUNPATH_SEARCH_PATHS = (
					"$(inherited)",
					"@executable_path/Frameworks",
					"@loader_path/Frameworks",
				);
				PRODUCT_BUNDLE_IDENTIFIER = "wiltoncosta.portfolio-iosTests";
				PRODUCT_NAME = "$(TARGET_NAME)";
				SWIFT_VERSION = 4.2;
				TARGETED_DEVICE_FAMILY = "1,2";
				TEST_HOST = "$(BUILT_PRODUCTS_DIR)/portfolio-ios.app/portfolio-ios";
			};
			name = Release;
		};
		48FF338022071D0B0035DB0B /* Debug */ = {
			isa = XCBuildConfiguration;
			buildSettings = {
				ALWAYS_EMBED_SWIFT_STANDARD_LIBRARIES = YES;
				CODE_SIGN_STYLE = Automatic;
				INFOPLIST_FILE = "portfolio-iosUITests/Info.plist";
				LD_RUNPATH_SEARCH_PATHS = (
					"$(inherited)",
					"@executable_path/Frameworks",
					"@loader_path/Frameworks",
				);
				PRODUCT_BUNDLE_IDENTIFIER = "wiltoncosta.portfolio-iosUITests";
				PRODUCT_NAME = "$(TARGET_NAME)";
				SWIFT_VERSION = 4.2;
				TARGETED_DEVICE_FAMILY = "1,2";
				TEST_TARGET_NAME = "portfolio-ios";
			};
			name = Debug;
		};
		48FF338122071D0B0035DB0B /* Release */ = {
			isa = XCBuildConfiguration;
			buildSettings = {
				ALWAYS_EMBED_SWIFT_STANDARD_LIBRARIES = YES;
				CODE_SIGN_STYLE = Automatic;
				INFOPLIST_FILE = "portfolio-iosUITests/Info.plist";
				LD_RUNPATH_SEARCH_PATHS = (
					"$(inherited)",
					"@executable_path/Frameworks",
					"@loader_path/Frameworks",
				);
				PRODUCT_BUNDLE_IDENTIFIER = "wiltoncosta.portfolio-iosUITests";
				PRODUCT_NAME = "$(TARGET_NAME)";
				SWIFT_VERSION = 4.2;
				TARGETED_DEVICE_FAMILY = "1,2";
				TEST_TARGET_NAME = "portfolio-ios";
			};
			name = Release;
		};
/* End XCBuildConfiguration section */

/* Begin XCConfigurationList section */
		48FF334C22071D080035DB0B /* Build configuration list for PBXProject "portfolio-ios" */ = {
			isa = XCConfigurationList;
			buildConfigurations = (
				48FF337722071D0B0035DB0B /* Debug */,
				48FF337822071D0B0035DB0B /* Release */,
			);
			defaultConfigurationIsVisible = 0;
			defaultConfigurationName = Release;
		};
		48FF337922071D0B0035DB0B /* Build configuration list for PBXNativeTarget "portfolio-ios" */ = {
			isa = XCConfigurationList;
			buildConfigurations = (
				48FF337A22071D0B0035DB0B /* Debug */,
				48FF337B22071D0B0035DB0B /* Release */,
			);
			defaultConfigurationIsVisible = 0;
			defaultConfigurationName = Release;
		};
		48FF337C22071D0B0035DB0B /* Build configuration list for PBXNativeTarget "portfolio-iosTests" */ = {
			isa = XCConfigurationList;
			buildConfigurations = (
				48FF337D22071D0B0035DB0B /* Debug */,
				48FF337E22071D0B0035DB0B /* Release */,
			);
			defaultConfigurationIsVisible = 0;
			defaultConfigurationName = Release;
		};
		48FF337F22071D0B0035DB0B /* Build configuration list for PBXNativeTarget "portfolio-iosUITests" */ = {
			isa = XCConfigurationList;
			buildConfigurations = (
				48FF338022071D0B0035DB0B /* Debug */,
				48FF338122071D0B0035DB0B /* Release */,
			);
			defaultConfigurationIsVisible = 0;
			defaultConfigurationName = Release;
		};
/* End XCConfigurationList section */
	};
	rootObject = 48FF334922071D080035DB0B /* Project object */;
}
